
Microsoft Visual Studio Solution File, Format Version 12.00
# Visual Studio Version 17
VisualStudioVersion = 17.13.35828.75
MinimumVisualStudioVersion = 10.0.40219.1
Project("{FAE04EC0-301F-11D3-BF4B-00C04F79EFBC}") = "implementazione Impiccato", "implementazione Impiccato\implementazione Impiccato.csproj", "{42CA6662-9796-457C-BF64-0AB8B82F5B0F}"
EndProject
Global
	GlobalSection(SolutionConfigurationPlatforms) = preSolution
		Debug|Any CPU = Debug|Any CPU
		Release|Any CPU = Release|Any CPU
	EndGlobalSection
	GlobalSection(ProjectConfigurationPlatforms) = postSolution
		{42CA6662-9796-457C-BF64-0AB8B82F5B0F}.Debug|Any CPU.ActiveCfg = Debug|Any CPU
		{42CA6662-9796-457C-BF64-0AB8B82F5B0F}.Debug|Any CPU.Build.0 = Debug|Any CPU
		{42CA6662-9796-457C-BF64-0AB8B82F5B0F}.Release|Any CPU.ActiveCfg = Release|Any CPU
		{42CA6662-9796-457C-BF64-0AB8B82F5B0F}.Release|Any CPU.Build.0 = Release|Any CPU
	EndGlobalSection
	GlobalSection(SolutionProperties) = preSolution
		HideSolutionNode = FALSE
	EndGlobalSection
	GlobalSection(ExtensibilityGlobals) = postSolution
		SolutionGuid = {FB19BB04-46C2-4A41-93B0-08BE06231AD5}
	EndGlobalSection
EndGlobal
